
Microsoft Visual Studio Solution File, Format Version 12.00
Project("{2150E333-8FDC-42A3-9474-1A3956D46DE8}") = "Tests", "Tests", "{3F3F491A-9788-4BE5-8B44-7F2D8C701EFC}"
EndProject
Project("{FAE04EC0-301F-11D3-BF4B-00C04F79EFBC}") = "SimpleApi.Web", "src\SimpleApi.Web\SimpleApi.Web.csproj", "{36B0368C-C5A1-485A-8A93-1FBCF22DA5BD}"
EndProject
Project("{FAE04EC0-301F-11D3-BF4B-00C04F79EFBC}") = "SimpleApi.Model", "src\SimpleApi.Model\SimpleApi.Model.csproj", "{83232B37-C86F-4D5B-A6BA-9F03873E8B42}"
EndProject
Project("{FAE04EC0-301F-11D3-BF4B-00C04F79EFBC}") = "Api.Tests", "tests\Api.Tests\Api.Tests.csproj", "{3BDCADEF-9E6E-4916-9876-2C37C6D4FFAB}"
EndProject
Global
	GlobalSection(SolutionConfigurationPlatforms) = preSolution
		Debug|Any CPU = Debug|Any CPU
		Release|Any CPU = Release|Any CPU
	EndGlobalSection
	GlobalSection(ProjectConfigurationPlatforms) = postSolution
		{36B0368C-C5A1-485A-8A93-1FBCF22DA5BD}.Debug|Any CPU.ActiveCfg = Debug|Any CPU
		{36B0368C-C5A1-485A-8A93-1FBCF22DA5BD}.Debug|Any CPU.Build.0 = Debug|Any CPU
		{36B0368C-C5A1-485A-8A93-1FBCF22DA5BD}.Release|Any CPU.ActiveCfg = Release|Any CPU
		{36B0368C-C5A1-485A-8A93-1FBCF22DA5BD}.Release|Any CPU.Build.0 = Release|Any CPU
		{83232B37-C86F-4D5B-A6BA-9F03873E8B42}.Debug|Any CPU.ActiveCfg = Debug|Any CPU
		{83232B37-C86F-4D5B-A6BA-9F03873E8B42}.Debug|Any CPU.Build.0 = Debug|Any CPU
		{83232B37-C86F-4D5B-A6BA-9F03873E8B42}.Release|Any CPU.ActiveCfg = Release|Any CPU
		{83232B37-C86F-4D5B-A6BA-9F03873E8B42}.Release|Any CPU.Build.0 = Release|Any CPU
		{3BDCADEF-9E6E-4916-9876-2C37C6D4FFAB}.Debug|Any CPU.ActiveCfg = Debug|Any CPU
		{3BDCADEF-9E6E-4916-9876-2C37C6D4FFAB}.Debug|Any CPU.Build.0 = Debug|Any CPU
		{3BDCADEF-9E6E-4916-9876-2C37C6D4FFAB}.Release|Any CPU.ActiveCfg = Release|Any CPU
		{3BDCADEF-9E6E-4916-9876-2C37C6D4FFAB}.Release|Any CPU.Build.0 = Release|Any CPU
	EndGlobalSection
	GlobalSection(NestedProjects) = preSolution
		{3BDCADEF-9E6E-4916-9876-2C37C6D4FFAB} = {3F3F491A-9788-4BE5-8B44-7F2D8C701EFC}
	EndGlobalSection
EndGlobal
